// !$*UTF8*$!
{
	archiveVersion = 1;
	classes = {
	};
	objectVersion = 50;
	objects = {

/* Begin PBXBuildFile section */
		5C604ED8215A711B00B01C21 /* AppDelegate.swift in Sources */ = {isa = PBXBuildFile; fileRef = 5C604ED7215A711B00B01C21 /* AppDelegate.swift */; };
		5C604EDA215A711B00B01C21 /* ViewController.swift in Sources */ = {isa = PBXBuildFile; fileRef = 5C604ED9215A711B00B01C21 /* ViewController.swift */; };
		5C604EDD215A711B00B01C21 /* Main.storyboard in Resources */ = {isa = PBXBuildFile; fileRef = 5C604EDB215A711B00B01C21 /* Main.storyboard */; };
		5C604EDF215A711D00B01C21 /* Assets.xcassets in Resources */ = {isa = PBXBuildFile; fileRef = 5C604EDE215A711D00B01C21 /* Assets.xcassets */; };
		5C604EE2215A711D00B01C21 /* LaunchScreen.storyboard in Resources */ = {isa = PBXBuildFile; fileRef = 5C604EE0215A711D00B01C21 /* LaunchScreen.storyboard */; };
		5C604EEA215A7C4100B01C21 /* Viagem.swift in Sources */ = {isa = PBXBuildFile; fileRef = 5C604EE9215A7C4100B01C21 /* Viagem.swift */; };
		5C604EEC215A7EEE00B01C21 /* TableViewCell.swift in Sources */ = {isa = PBXBuildFile; fileRef = 5C604EEB215A7EEE00B01C21 /* TableViewCell.swift */; };
		5C604EEE215A84A300B01C21 /* ViagemDAO.swift in Sources */ = {isa = PBXBuildFile; fileRef = 5C604EED215A84A300B01C21 /* ViagemDAO.swift */; };
		5C604EF0215A84AD00B01C21 /* Assets in Resources */ = {isa = PBXBuildFile; fileRef = 5C604EEF215A84AD00B01C21 /* Assets */; };
		5C604EFA215AB99100B01C21 /* PacotesViagensViewController.swift in Sources */ = {isa = PBXBuildFile; fileRef = 5C604EF9215AB99100B01C21 /* PacotesViagensViewController.swift */; };
		5C604EFC215ABA8500B01C21 /* PacoteViagemCollectionViewCell.swift in Sources */ = {isa = PBXBuildFile; fileRef = 5C604EFB215ABA8500B01C21 /* PacoteViagemCollectionViewCell.swift */; };
		5C6AED58215C12B700BE72E0 /* DetalhesVIagensViewController.swift in Sources */ = {isa = PBXBuildFile; fileRef = 5C6AED57215C12B700BE72E0 /* DetalhesVIagensViewController.swift */; };
/* End PBXBuildFile section */

/* Begin PBXFileReference section */
		5C604ED4215A711B00B01C21 /* AluraViagens.app */ = {isa = PBXFileReference; explicitFileType = wrapper.application; includeInIndex = 0; path = AluraViagens.app; sourceTree = BUILT_PRODUCTS_DIR; };
		5C604ED7215A711B00B01C21 /* AppDelegate.swift */ = {isa = PBXFileReference; lastKnownFileType = sourcecode.swift; path = AppDelegate.swift; sourceTree = "<group>"; };
		5C604ED9215A711B00B01C21 /* ViewController.swift */ = {isa = PBXFileReference; lastKnownFileType = sourcecode.swift; path = ViewController.swift; sourceTree = "<group>"; };
		5C604EDC215A711B00B01C21 /* Base */ = {isa = PBXFileReference; lastKnownFileType = file.storyboard; name = Base; path = Base.lproj/Main.storyboard; sourceTree = "<group>"; };
		5C604EDE215A711D00B01C21 /* Assets.xcassets */ = {isa = PBXFileReference; lastKnownFileType = folder.assetcatalog; path = Assets.xcassets; sourceTree = "<group>"; };
		5C604EE1215A711D00B01C21 /* Base */ = {isa = PBXFileReference; lastKnownFileType = file.storyboard; name = Base; path = Base.lproj/LaunchScreen.storyboard; sourceTree = "<group>"; };
		5C604EE3215A711D00B01C21 /* Info.plist */ = {isa = PBXFileReference; lastKnownFileType = text.plist.xml; path = Info.plist; sourceTree = "<group>"; };
		5C604EE9215A7C4100B01C21 /* Viagem.swift */ = {isa = PBXFileReference; lastKnownFileType = sourcecode.swift; path = Viagem.swift; sourceTree = "<group>"; };
		5C604EEB215A7EEE00B01C21 /* TableViewCell.swift */ = {isa = PBXFileReference; lastKnownFileType = sourcecode.swift; path = TableViewCell.swift; sourceTree = "<group>"; };
		5C604EED215A84A300B01C21 /* ViagemDAO.swift */ = {isa = PBXFileReference; fileEncoding = 4; lastKnownFileType = sourcecode.swift; path = ViagemDAO.swift; sourceTree = "<group>"; };
		5C604EEF215A84AD00B01C21 /* Assets */ = {isa = PBXFileReference; lastKnownFileType = folder; name = Assets; path = "../../../Downloads/Arquivos Projeto/Assets"; sourceTree = "<group>"; };
		5C604EF9215AB99100B01C21 /* PacotesViagensViewController.swift */ = {isa = PBXFileReference; lastKnownFileType = sourcecode.swift; path = PacotesViagensViewController.swift; sourceTree = "<group>"; };
		5C604EFB215ABA8500B01C21 /* PacoteViagemCollectionViewCell.swift */ = {isa = PBXFileReference; lastKnownFileType = sourcecode.swift; path = PacoteViagemCollectionViewCell.swift; sourceTree = "<group>"; };
		5C6AED57215C12B700BE72E0 /* DetalhesVIagensViewController.swift */ = {isa = PBXFileReference; lastKnownFileType = sourcecode.swift; path = DetalhesVIagensViewController.swift; sourceTree = "<group>"; };
/* End PBXFileReference section */

/* Begin PBXFrameworksBuildPhase section */
		5C604ED1215A711B00B01C21 /* Frameworks */ = {
			isa = PBXFrameworksBuildPhase;
			buildActionMask = 2147483647;
			files = (
			);
			runOnlyForDeploymentPostprocessing = 0;
		};
/* End PBXFrameworksBuildPhase section */

/* Begin PBXGroup section */
		5C604ECB215A711B00B01C21 = {
			isa = PBXGroup;
			children = (
				5C604ED6215A711B00B01C21 /* AluraViagens */,
				5C604ED5215A711B00B01C21 /* Products */,
			);
			sourceTree = "<group>";
		};
		5C604ED5215A711B00B01C21 /* Products */ = {
			isa = PBXGroup;
			children = (
				5C604ED4215A711B00B01C21 /* AluraViagens.app */,
			);
			name = Products;
			sourceTree = "<group>";
		};
		5C604ED6215A711B00B01C21 /* AluraViagens */ = {
			isa = PBXGroup;
			children = (
				5C604ED7215A711B00B01C21 /* AppDelegate.swift */,
				5C604EF5215A979700B01C21 /* DAO */,
				5C604EF1215A971800B01C21 /* Model */,
				5C604EF2215A972F00B01C21 /* Home */,
				5C604EF6215AB94500B01C21 /* Pacotes */,
				5C604EEF215A84AD00B01C21 /* Assets */,
				5C6AED54215C122B00BE72E0 /* DetalhesViagem */,
				5C604EDB215A711B00B01C21 /* Main.storyboard */,
				5C604EDE215A711D00B01C21 /* Assets.xcassets */,
				5C604EE0215A711D00B01C21 /* LaunchScreen.storyboard */,
				5C604EE3215A711D00B01C21 /* Info.plist */,
			);
			path = AluraViagens;
			sourceTree = "<group>";
		};
		5C604EF1215A971800B01C21 /* Model */ = {
			isa = PBXGroup;
			children = (
				5C604EE9215A7C4100B01C21 /* Viagem.swift */,
			);
			path = Model;
			sourceTree = "<group>";
		};
		5C604EF2215A972F00B01C21 /* Home */ = {
			isa = PBXGroup;
			children = (
				5C604EF4215A978500B01C21 /* View */,
				5C604EF3215A977A00B01C21 /* Controller */,
			);
			path = Home;
			sourceTree = "<group>";
		};
		5C604EF3215A977A00B01C21 /* Controller */ = {
			isa = PBXGroup;
			children = (
				5C604ED9215A711B00B01C21 /* ViewController.swift */,
			);
			path = Controller;
			sourceTree = "<group>";
		};
		5C604EF4215A978500B01C21 /* View */ = {
			isa = PBXGroup;
			children = (
				5C604EEB215A7EEE00B01C21 /* TableViewCell.swift */,
			);
			path = View;
			sourceTree = "<group>";
		};
		5C604EF5215A979700B01C21 /* DAO */ = {
			isa = PBXGroup;
			children = (
				5C604EED215A84A300B01C21 /* ViagemDAO.swift */,
			);
			path = DAO;
			sourceTree = "<group>";
		};
		5C604EF6215AB94500B01C21 /* Pacotes */ = {
			isa = PBXGroup;
			children = (
				5C604EF7215AB96100B01C21 /* Controller */,
				5C604EF8215AB96800B01C21 /* View */,
			);
			path = Pacotes;
			sourceTree = "<group>";
		};
		5C604EF7215AB96100B01C21 /* Controller */ = {
			isa = PBXGroup;
			children = (
				5C604EF9215AB99100B01C21 /* PacotesViagensViewController.swift */,
			);
			path = Controller;
			sourceTree = "<group>";
		};
		5C604EF8215AB96800B01C21 /* View */ = {
			isa = PBXGroup;
			children = (
				5C604EFB215ABA8500B01C21 /* PacoteViagemCollectionViewCell.swift */,
			);
			path = View;
			sourceTree = "<group>";
		};
		5C6AED54215C122B00BE72E0 /* DetalhesViagem */ = {
			isa = PBXGroup;
			children = (
				5C6AED56215C125C00BE72E0 /* Controller */,
				5C6AED55215C125400BE72E0 /* View */,
			);
			path = DetalhesViagem;
			sourceTree = "<group>";
		};
		5C6AED55215C125400BE72E0 /* View */ = {
			isa = PBXGroup;
			children = (
			);
			path = View;
			sourceTree = "<group>";
		};
		5C6AED56215C125C00BE72E0 /* Controller */ = {
			isa = PBXGroup;
			children = (
				5C6AED57215C12B700BE72E0 /* DetalhesVIagensViewController.swift */,
			);
			path = Controller;
			sourceTree = "<group>";
		};
/* End PBXGroup section */

/* Begin PBXNativeTarget section */
		5C604ED3215A711B00B01C21 /* AluraViagens */ = {
			isa = PBXNativeTarget;
			buildConfigurationList = 5C604EE6215A711D00B01C21 /* Build configuration list for PBXNativeTarget "AluraViagens" */;
			buildPhases = (
				5C604ED0215A711B00B01C21 /* Sources */,
				5C604ED1215A711B00B01C21 /* Frameworks */,
				5C604ED2215A711B00B01C21 /* Resources */,
			);
			buildRules = (
			);
			dependencies = (
			);
			name = AluraViagens;
			productName = AluraViagens;
			productReference = 5C604ED4215A711B00B01C21 /* AluraViagens.app */;
			productType = "com.apple.product-type.application";
		};
/* End PBXNativeTarget section */

/* Begin PBXProject section */
		5C604ECC215A711B00B01C21 /* Project object */ = {
			isa = PBXProject;
			attributes = {
				LastSwiftUpdateCheck = 0940;
				LastUpgradeCheck = 0940;
				ORGANIZATIONNAME = "Lorena Rodrigues Bruno";
				TargetAttributes = {
					5C604ED3215A711B00B01C21 = {
						CreatedOnToolsVersion = 9.4.1;
					};
				};
			};
			buildConfigurationList = 5C604ECF215A711B00B01C21 /* Build configuration list for PBXProject "AluraViagens" */;
			compatibilityVersion = "Xcode 9.3";
			developmentRegion = en;
			hasScannedForEncodings = 0;
			knownRegions = (
				en,
				Base,
			);
			mainGroup = 5C604ECB215A711B00B01C21;
			productRefGroup = 5C604ED5215A711B00B01C21 /* Products */;
			projectDirPath = "";
			projectRoot = "";
			targets = (
				5C604ED3215A711B00B01C21 /* AluraViagens */,
			);
		};
/* End PBXProject section */

/* Begin PBXResourcesBuildPhase section */
		5C604ED2215A711B00B01C21 /* Resources */ = {
			isa = PBXResourcesBuildPhase;
			buildActionMask = 2147483647;
			files = (
				5C604EE2215A711D00B01C21 /* LaunchScreen.storyboard in Resources */,
				5C604EF0215A84AD00B01C21 /* Assets in Resources */,
				5C604EDF215A711D00B01C21 /* Assets.xcassets in Resources */,
				5C604EDD215A711B00B01C21 /* Main.storyboard in Resources */,
			);
			runOnlyForDeploymentPostprocessing = 0;
		};
/* End PBXResourcesBuildPhase section */

/* Begin PBXSourcesBuildPhase section */
		5C604ED0215A711B00B01C21 /* Sources */ = {
			isa = PBXSourcesBuildPhase;
			buildActionMask = 2147483647;
			files = (
				5C604EDA215A711B00B01C21 /* ViewController.swift in Sources */,
				5C604EEE215A84A300B01C21 /* ViagemDAO.swift in Sources */,
				5C604EEC215A7EEE00B01C21 /* TableViewCell.swift in Sources */,
				5C604EEA215A7C4100B01C21 /* Viagem.swift in Sources */,
				5C6AED58215C12B700BE72E0 /* DetalhesVIagensViewController.swift in Sources */,
				5C604EFA215AB99100B01C21 /* PacotesViagensViewController.swift in Sources */,
				5C604EFC215ABA8500B01C21 /* PacoteViagemCollectionViewCell.swift in Sources */,
				5C604ED8215A711B00B01C21 /* AppDelegate.swift in Sources */,
			);
			runOnlyForDeploymentPostprocessing = 0;
		};
/* End PBXSourcesBuildPhase section */

/* Begin PBXVariantGroup section */
		5C604EDB215A711B00B01C21 /* Main.storyboard */ = {
			isa = PBXVariantGroup;
			children = (
				5C604EDC215A711B00B01C21 /* Base */,
			);
			name = Main.storyboard;
			sourceTree = "<group>";
		};
		5C604EE0215A711D00B01C21 /* LaunchScreen.storyboard */ = {
			isa = PBXVariantGroup;
			children = (
				5C604EE1215A711D00B01C21 /* Base */,
			);
			name = LaunchScreen.storyboard;
			sourceTree = "<group>";
		};
/* End PBXVariantGroup section */

/* Begin XCBuildConfiguration section */
		5C604EE4215A711D00B01C21 /* Debug */ = {
			isa = XCBuildConfiguration;
			buildSettings = {
				ALWAYS_SEARCH_USER_PATHS = NO;
				CLANG_ANALYZER_NONNULL = YES;
				CLANG_ANALYZER_NUMBER_OBJECT_CONVERSION = YES_AGGRESSIVE;
				CLANG_CXX_LANGUAGE_STANDARD = "gnu++14";
				CLANG_CXX_LIBRARY = "libc++";
				CLANG_ENABLE_MODULES = YES;
				CLANG_ENABLE_OBJC_ARC = YES;
				CLANG_ENABLE_OBJC_WEAK = YES;
				CLANG_WARN_BLOCK_CAPTURE_AUTORELEASING = YES;
				CLANG_WARN_BOOL_CONVERSION = YES;
				CLANG_WARN_COMMA = YES;
				CLANG_WARN_CONSTANT_CONVERSION = YES;
				CLANG_WARN_DEPRECATED_OBJC_IMPLEMENTATIONS = YES;
				CLANG_WARN_DIRECT_OBJC_ISA_USAGE = YES_ERROR;
				CLANG_WARN_DOCUMENTATION_COMMENTS = YES;
				CLANG_WARN_EMPTY_BODY = YES;
				CLANG_WARN_ENUM_CONVERSION = YES;
				CLANG_WARN_INFINITE_RECURSION = YES;
				CLANG_WARN_INT_CONVERSION = YES;
				CLANG_WARN_NON_LITERAL_NULL_CONVERSION = YES;
				CLANG_WARN_OBJC_IMPLICIT_RETAIN_SELF = YES;
				CLANG_WARN_OBJC_LITERAL_CONVERSION = YES;
				CLANG_WARN_OBJC_ROOT_CLASS = YES_ERROR;
				CLANG_WARN_RANGE_LOOP_ANALYSIS = YES;
				CLANG_WARN_STRICT_PROTOTYPES = YES;
				CLANG_WARN_SUSPICIOUS_MOVE = YES;
				CLANG_WARN_UNGUARDED_AVAILABILITY = YES_AGGRESSIVE;
				CLANG_WARN_UNREACHABLE_CODE = YES;
				CLANG_WARN__DUPLICATE_METHOD_MATCH = YES;
				CODE_SIGN_IDENTITY = "iPhone Developer";
				COPY_PHASE_STRIP = NO;
				DEBUG_INFORMATION_FORMAT = dwarf;
				ENABLE_STRICT_OBJC_MSGSEND = YES;
				ENABLE_TESTABILITY = YES;
				GCC_C_LANGUAGE_STANDARD = gnu11;
				GCC_DYNAMIC_NO_PIC = NO;
				GCC_NO_COMMON_BLOCKS = YES;
				GCC_OPTIMIZATION_LEVEL = 0;
				GCC_PREPROCESSOR_DEFINITIONS = (
					"DEBUG=1",
					"$(inherited)",
				);
				GCC_WARN_64_TO_32_BIT_CONVERSION = YES;
				GCC_WARN_ABOUT_RETURN_TYPE = YES_ERROR;
				GCC_WARN_UNDECLARED_SELECTOR = YES;
				GCC_WARN_UNINITIALIZED_AUTOS = YES_AGGRESSIVE;
				GCC_WARN_UNUSED_FUNCTION = YES;
				GCC_WARN_UNUSED_VARIABLE = YES;
				IPHONEOS_DEPLOYMENT_TARGET = 11.4;
				MTL_ENABLE_DEBUG_INFO = YES;
				ONLY_ACTIVE_ARCH = YES;
				SDKROOT = iphoneos;
				SWIFT_ACTIVE_COMPILATION_CONDITIONS = DEBUG;
				SWIFT_OPTIMIZATION_LEVEL = "-Onone";
			};
			name = Debug;
		};
		5C604EE5215A711D00B01C21 /* Release */ = {
			isa = XCBuildConfiguration;
			buildSettings = {
				ALWAYS_SEARCH_USER_PATHS = NO;
				CLANG_ANALYZER_NONNULL = YES;
				CLANG_ANALYZER_NUMBER_OBJECT_CONVERSION = YES_AGGRESSIVE;
				CLANG_CXX_LANGUAGE_STANDARD = "gnu++14";
				CLANG_CXX_LIBRARY = "libc++";
				CLANG_ENABLE_MODULES = YES;
				CLANG_ENABLE_OBJC_ARC = YES;
				CLANG_ENABLE_OBJC_WEAK = YES;
				CLANG_WARN_BLOCK_CAPTURE_AUTORELEASING = YES;
				CLANG_WARN_BOOL_CONVERSION = YES;
				CLANG_WARN_COMMA = YES;
				CLANG_WARN_CONSTANT_CONVERSION = YES;
				CLANG_WARN_DEPRECATED_OBJC_IMPLEMENTATIONS = YES;
				CLANG_WARN_DIRECT_OBJC_ISA_USAGE = YES_ERROR;
				CLANG_WARN_DOCUMENTATION_COMMENTS = YES;
				CLANG_WARN_EMPTY_BODY = YES;
				CLANG_WARN_ENUM_CONVERSION = YES;
				CLANG_WARN_INFINITE_RECURSION = YES;
				CLANG_WARN_INT_CONVERSION = YES;
				CLANG_WARN_NON_LITERAL_NULL_CONVERSION = YES;
				CLANG_WARN_OBJC_IMPLICIT_RETAIN_SELF = YES;
				CLANG_WARN_OBJC_LITERAL_CONVERSION = YES;
				CLANG_WARN_OBJC_ROOT_CLASS = YES_ERROR;
				CLANG_WARN_RANGE_LOOP_ANALYSIS = YES;
				CLANG_WARN_STRICT_PROTOTYPES = YES;
				CLANG_WARN_SUSPICIOUS_MOVE = YES;
				CLANG_WARN_UNGUARDED_AVAILABILITY = YES_AGGRESSIVE;
				CLANG_WARN_UNREACHABLE_CODE = YES;
				CLANG_WARN__DUPLICATE_METHOD_MATCH = YES;
				CODE_SIGN_IDENTITY = "iPhone Developer";
				COPY_PHASE_STRIP = NO;
				DEBUG_INFORMATION_FORMAT = "dwarf-with-dsym";
				ENABLE_NS_ASSERTIONS = NO;
				ENABLE_STRICT_OBJC_MSGSEND = YES;
				GCC_C_LANGUAGE_STANDARD = gnu11;
				GCC_NO_COMMON_BLOCKS = YES;
				GCC_WARN_64_TO_32_BIT_CONVERSION = YES;
				GCC_WARN_ABOUT_RETURN_TYPE = YES_ERROR;
				GCC_WARN_UNDECLARED_SELECTOR = YES;
				GCC_WARN_UNINITIALIZED_AUTOS = YES_AGGRESSIVE;
				GCC_WARN_UNUSED_FUNCTION = YES;
				GCC_WARN_UNUSED_VARIABLE = YES;
				IPHONEOS_DEPLOYMENT_TARGET = 11.4;
				MTL_ENABLE_DEBUG_INFO = NO;
				SDKROOT = iphoneos;
				SWIFT_COMPILATION_MODE = wholemodule;
				SWIFT_OPTIMIZATION_LEVEL = "-O";
				VALIDATE_PRODUCT = YES;
			};
			name = Release;
		};
		5C604EE7215A711D00B01C21 /* Debug */ = {
			isa = XCBuildConfiguration;
			buildSettings = {
				ASSETCATALOG_COMPILER_APPICON_NAME = AppIcon;
				CODE_SIGN_STYLE = Automatic;
				INFOPLIST_FILE = AluraViagens/Info.plist;
				LD_RUNPATH_SEARCH_PATHS = (
					"$(inherited)",
					"@executable_path/Frameworks",
				);
				PRODUCT_BUNDLE_IDENTIFIER = com.projects.lorena.AluraViagens;
				PRODUCT_NAME = "$(TARGET_NAME)";
				SWIFT_VERSION = 4.0;
				TARGETED_DEVICE_FAMILY = "1,2";
			};
			name = Debug;
		};
		5C604EE8215A711D00B01C21 /* Release */ = {
			isa = XCBuildConfiguration;
			buildSettings = {
				ASSETCATALOG_COMPILER_APPICON_NAME = AppIcon;
				CODE_SIGN_STYLE = Automatic;
				INFOPLIST_FILE = AluraViagens/Info.plist;
				LD_RUNPATH_SEARCH_PATHS = (
					"$(inherited)",
					"@executable_path/Frameworks",
				);
				PRODUCT_BUNDLE_IDENTIFIER = com.projects.lorena.AluraViagens;
				PRODUCT_NAME = "$(TARGET_NAME)";
				SWIFT_VERSION = 4.0;
				TARGETED_DEVICE_FAMILY = "1,2";
			};
			name = Release;
		};
/* End XCBuildConfiguration section */

/* Begin XCConfigurationList section */
		5C604ECF215A711B00B01C21 /* Build configuration list for PBXProject "AluraViagens" */ = {
			isa = XCConfigurationList;
			buildConfigurations = (
				5C604EE4215A711D00B01C21 /* Debug */,
				5C604EE5215A711D00B01C21 /* Release */,
			);
			defaultConfigurationIsVisible = 0;
			defaultConfigurationName = Release;
		};
		5C604EE6215A711D00B01C21 /* Build configuration list for PBXNativeTarget "AluraViagens" */ = {
			isa = XCConfigurationList;
			buildConfigurations = (
				5C604EE7215A711D00B01C21 /* Debug */,
				5C604EE8215A711D00B01C21 /* Release */,
			);
			defaultConfigurationIsVisible = 0;
			defaultConfigurationName = Release;
		};
/* End XCConfigurationList section */
	};
	rootObject = 5C604ECC215A711B00B01C21 /* Project object */;
}
